
Microsoft Visual Studio Solution File, Format Version 12.00
# Visual Studio Version 17
VisualStudioVersion = 17.0.31903.59
MinimumVisualStudioVersion = 10.0.40219.1
Project("{FAE04EC0-301F-11D3-BF4B-00C04F79EFBC}") = "StbiBindDeploy.Api", "src\StbiBindDeploy.Api\StbiBindDeploy.Api.csproj", "{F5F47A30-A5A4-486F-9870-FCC82BDDCED4}"
EndProject
Global
	GlobalSection(SolutionConfigurationPlatforms) = preSolution
		Debug|Any CPU = Debug|Any CPU
		Release|Any CPU = Release|Any CPU
	EndGlobalSection
	GlobalSection(ProjectConfigurationPlatforms) = postSolution
		{F5F47A30-A5A4-486F-9870-FCC82BDDCED4}.Debug|Any CPU.ActiveCfg = Debug|Any CPU
		{F5F47A30-A5A4-486F-9870-FCC82BDDCED4}.Debug|Any CPU.Build.0 = Debug|Any CPU
		{F5F47A30-A5A4-486F-9870-FCC82BDDCED4}.Release|Any CPU.ActiveCfg = Release|Any CPU
		{F5F47A30-A5A4-486F-9870-FCC82BDDCED4}.Release|Any CPU.Build.0 = Release|Any CPU
	EndGlobalSection
	GlobalSection(SolutionProperties) = preSolution
		HideSolutionNode = FALSE
	EndGlobalSection
	GlobalSection(ExtensibilityGlobals) = postSolution
		SolutionGuid = {27E39214-77DD-494D-81C7-A6CE539C7F58}
	EndGlobalSection
EndGlobal
